// !$*UTF8*$!
{
	archiveVersion = 1;
	classes = {
	};
	objectVersion = 46;
	objects = {

/* Begin PBXBuildFile section */
		FAC75FBC1BF9DE3700B5F258 /* AppDelegate.swift in Sources */ = {isa = PBXBuildFile; fileRef = FAC75FBB1BF9DE3700B5F258 /* AppDelegate.swift */; };
		FAC75FBE1BF9DE3700B5F258 /* ViewController.swift in Sources */ = {isa = PBXBuildFile; fileRef = FAC75FBD1BF9DE3700B5F258 /* ViewController.swift */; };
		FAC75FC11BF9DE3700B5F258 /* Main.storyboard in Resources */ = {isa = PBXBuildFile; fileRef = FAC75FBF1BF9DE3700B5F258 /* Main.storyboard */; };
		FAC75FC41BF9DE3700B5F258 /* HitList.xcdatamodeld in Sources */ = {isa = PBXBuildFile; fileRef = FAC75FC21BF9DE3700B5F258 /* HitList.xcdatamodeld */; };
		FAC75FC61BF9DE3700B5F258 /* Assets.xcassets in Resources */ = {isa = PBXBuildFile; fileRef = FAC75FC51BF9DE3700B5F258 /* Assets.xcassets */; };
		FAC75FC91BF9DE3700B5F258 /* LaunchScreen.storyboard in Resources */ = {isa = PBXBuildFile; fileRef = FAC75FC71BF9DE3700B5F258 /* LaunchScreen.storyboard */; };
/* End PBXBuildFile section */

/* Begin PBXFileReference section */
		FAC75FB81BF9DE3700B5F258 /* HitList.app */ = {isa = PBXFileReference; explicitFileType = wrapper.application; includeInIndex = 0; path = HitList.app; sourceTree = BUILT_PRODUCTS_DIR; };
		FAC75FBB1BF9DE3700B5F258 /* AppDelegate.swift */ = {isa = PBXFileReference; lastKnownFileType = sourcecode.swift; path = AppDelegate.swift; sourceTree = "<group>"; };
		FAC75FBD1BF9DE3700B5F258 /* ViewController.swift */ = {isa = PBXFileReference; lastKnownFileType = sourcecode.swift; lineEnding = 0; path = ViewController.swift; sourceTree = "<group>"; };
		FAC75FC01BF9DE3700B5F258 /* Base */ = {isa = PBXFileReference; lastKnownFileType = file.storyboard; name = Base; path = Base.lproj/Main.storyboard; sourceTree = "<group>"; };
		FAC75FC31BF9DE3700B5F258 /* HitList.xcdatamodel */ = {isa = PBXFileReference; lastKnownFileType = wrapper.xcdatamodel; path = HitList.xcdatamodel; sourceTree = "<group>"; };
		FAC75FC51BF9DE3700B5F258 /* Assets.xcassets */ = {isa = PBXFileReference; lastKnownFileType = folder.assetcatalog; path = Assets.xcassets; sourceTree = "<group>"; };
		FAC75FC81BF9DE3700B5F258 /* Base */ = {isa = PBXFileReference; lastKnownFileType = file.storyboard; name = Base; path = Base.lproj/LaunchScreen.storyboard; sourceTree = "<group>"; };
		FAC75FCA1BF9DE3700B5F258 /* Info.plist */ = {isa = PBXFileReference; lastKnownFileType = text.plist.xml; path = Info.plist; sourceTree = "<group>"; };
/* End PBXFileReference section */

/* Begin PBXFrameworksBuildPhase section */
		FAC75FB51BF9DE3700B5F258 /* Frameworks */ = {
			isa = PBXFrameworksBuildPhase;
			buildActionMask = 2147483647;
			files = (
			);
			runOnlyForDeploymentPostprocessing = 0;
		};
/* End PBXFrameworksBuildPhase section */

/* Begin PBXGroup section */
		FAC75FAF1BF9DE3700B5F258 = {
			isa = PBXGroup;
			children = (
				FAC75FBA1BF9DE3700B5F258 /* HitList */,
				FAC75FB91BF9DE3700B5F258 /* Products */,
			);
			sourceTree = "<group>";
		};
		FAC75FB91BF9DE3700B5F258 /* Products */ = {
			isa = PBXGroup;
			children = (
				FAC75FB81BF9DE3700B5F258 /* HitList.app */,
			);
			name = Products;
			sourceTree = "<group>";
		};
		FAC75FBA1BF9DE3700B5F258 /* HitList */ = {
			isa = PBXGroup;
			children = (
				FAC75FBB1BF9DE3700B5F258 /* AppDelegate.swift */,
				FAC75FBD1BF9DE3700B5F258 /* ViewController.swift */,
				FAC75FBF1BF9DE3700B5F258 /* Main.storyboard */,
				FAC75FC51BF9DE3700B5F258 /* Assets.xcassets */,
				FAC75FC71BF9DE3700B5F258 /* LaunchScreen.storyboard */,
				FAC75FCA1BF9DE3700B5F258 /* Info.plist */,
				FAC75FC21BF9DE3700B5F258 /* HitList.xcdatamodeld */,
			);
			path = HitList;
			sourceTree = "<group>";
		};
/* End PBXGroup section */

/* Begin PBXNativeTarget section */
		FAC75FB71BF9DE3700B5F258 /* HitList */ = {
			isa = PBXNativeTarget;
			buildConfigurationList = FAC75FCD1BF9DE3700B5F258 /* Build configuration list for PBXNativeTarget "HitList" */;
			buildPhases = (
				FAC75FB41BF9DE3700B5F258 /* Sources */,
				FAC75FB51BF9DE3700B5F258 /* Frameworks */,
				FAC75FB61BF9DE3700B5F258 /* Resources */,
			);
			buildRules = (
			);
			dependencies = (
			);
			name = HitList;
			productName = HitList;
			productReference = FAC75FB81BF9DE3700B5F258 /* HitList.app */;
			productType = "com.apple.product-type.application";
		};
/* End PBXNativeTarget section */

/* Begin PBXProject section */
		FAC75FB01BF9DE3700B5F258 /* Project object */ = {
			isa = PBXProject;
			attributes = {
				LastUpgradeCheck = 0710;
				ORGANIZATIONNAME = "Ditjhaba Selemela";
				TargetAttributes = {
					FAC75FB71BF9DE3700B5F258 = {
						CreatedOnToolsVersion = 7.1;
						DevelopmentTeam = KC2524TVK6;
					};
				};
			};
			buildConfigurationList = FAC75FB31BF9DE3700B5F258 /* Build configuration list for PBXProject "HitList" */;
			compatibilityVersion = "Xcode 3.2";
			developmentRegion = English;
			hasScannedForEncodings = 0;
			knownRegions = (
				en,
				Base,
			);
			mainGroup = FAC75FAF1BF9DE3700B5F258;
			productRefGroup = FAC75FB91BF9DE3700B5F258 /* Products */;
			projectDirPath = "";
			projectRoot = "";
			targets = (
				FAC75FB71BF9DE3700B5F258 /* HitList */,
			);
		};
/* End PBXProject section */

/* Begin PBXResourcesBuildPhase section */
		FAC75FB61BF9DE3700B5F258 /* Resources */ = {
			isa = PBXResourcesBuildPhase;
			buildActionMask = 2147483647;
			files = (
				FAC75FC91BF9DE3700B5F258 /* LaunchScreen.storyboard in Resources */,
				FAC75FC61BF9DE3700B5F258 /* Assets.xcassets in Resources */,
				FAC75FC11BF9DE3700B5F258 /* Main.storyboard in Resources */,
			);
			runOnlyForDeploymentPostprocessing = 0;
		};
/* End PBXResourcesBuildPhase section */

/* Begin PBXSourcesBuildPhase section */
		FAC75FB41BF9DE3700B5F258 /* Sources */ = {
			isa = PBXSourcesBuildPhase;
			buildActionMask = 2147483647;
			files = (
				FAC75FC41BF9DE3700B5F258 /* HitList.xcdatamodeld in Sources */,
				FAC75FBE1BF9DE3700B5F258 /* ViewController.swift in Sources */,
				FAC75FBC1BF9DE3700B5F258 /* AppDelegate.swift in Sources */,
			);
			runOnlyForDeploymentPostprocessing = 0;
		};
/* End PBXSourcesBuildPhase section */

/* Begin PBXVariantGroup section */
		FAC75FBF1BF9DE3700B5F258 /* Main.storyboard */ = {
			isa = PBXVariantGroup;
			children = (
				FAC75FC01BF9DE3700B5F258 /* Base */,
			);
			name = Main.storyboard;
			sourceTree = "<group>";
		};
		FAC75FC71BF9DE3700B5F258 /* LaunchScreen.storyboard */ = {
			isa = PBXVariantGroup;
			children = (
				FAC75FC81BF9DE3700B5F258 /* Base */,
			);
			name = LaunchScreen.storyboard;
			sourceTree = "<group>";
		};
/* End PBXVariantGroup section */

/* Begin XCBuildConfiguration section */
		FAC75FCB1BF9DE3700B5F258 /* Debug */ = {
			isa = XCBuildConfiguration;
			buildSettings = {
				ALWAYS_SEARCH_USER_PATHS = NO;
				CLANG_CXX_LANGUAGE_STANDARD = "gnu++0x";
				CLANG_CXX_LIBRARY = "libc++";
				CLANG_ENABLE_MODULES = YES;
				CLANG_ENABLE_OBJC_ARC = YES;
				CLANG_WARN_BOOL_CONVERSION = YES;
				CLANG_WARN_CONSTANT_CONVERSION = YES;
				CLANG_WARN_DIRECT_OBJC_ISA_USAGE = YES_ERROR;
				CLANG_WARN_EMPTY_BODY = YES;
				CLANG_WARN_ENUM_CONVERSION = YES;
				CLANG_WARN_INT_CONVERSION = YES;
				CLANG_WARN_OBJC_ROOT_CLASS = YES_ERROR;
				CLANG_WARN_UNREACHABLE_CODE = YES;
				CLANG_WARN__DUPLICATE_METHOD_MATCH = YES;
				"CODE_SIGN_IDENTITY[sdk=iphoneos*]" = "iPhone Developer";
				COPY_PHASE_STRIP = NO;
				DEBUG_INFORMATION_FORMAT = dwarf;
				ENABLE_STRICT_OBJC_MSGSEND = YES;
				ENABLE_TESTABILITY = YES;
				GCC_C_LANGUAGE_STANDARD = gnu99;
				GCC_DYNAMIC_NO_PIC = NO;
				GCC_NO_COMMON_BLOCKS = YES;
				GCC_OPTIMIZATION_LEVEL = 0;
				GCC_PREPROCESSOR_DEFINITIONS = (
					"DEBUG=1",
					"$(inherited)",
				);
				GCC_WARN_64_TO_32_BIT_CONVERSION = YES;
				GCC_WARN_ABOUT_RETURN_TYPE = YES_ERROR;
				GCC_WARN_UNDECLARED_SELECTOR = YES;
				GCC_WARN_UNINITIALIZED_AUTOS = YES_AGGRESSIVE;
				GCC_WARN_UNUSED_FUNCTION = YES;
				GCC_WARN_UNUSED_VARIABLE = YES;
				IPHONEOS_DEPLOYMENT_TARGET = 9.1;
				MTL_ENABLE_DEBUG_INFO = YES;
				ONLY_ACTIVE_ARCH = YES;
				SDKROOT = iphoneos;
				SWIFT_OPTIMIZATION_LEVEL = "-Onone";
			};
			name = Debug;
		};
		FAC75FCC1BF9DE3700B5F258 /* Release */ = {
			isa = XCBuildConfiguration;
			buildSettings = {
				ALWAYS_SEARCH_USER_PATHS = NO;
				CLANG_CXX_LANGUAGE_STANDARD = "gnu++0x";
				CLANG_CXX_LIBRARY = "libc++";
				CLANG_ENABLE_MODULES = YES;
				CLANG_ENABLE_OBJC_ARC = YES;
				CLANG_WARN_BOOL_CONVERSION = YES;
				CLANG_WARN_CONSTANT_CONVERSION = YES;
				CLANG_WARN_DIRECT_OBJC_ISA_USAGE = YES_ERROR;
				CLANG_WARN_EMPTY_BODY = YES;
				CLANG_WARN_ENUM_CONVERSION = YES;
				CLANG_WARN_INT_CONVERSION = YES;
				CLANG_WARN_OBJC_ROOT_CLASS = YES_ERROR;
				CLANG_WARN_UNREACHABLE_CODE = YES;
				CLANG_WARN__DUPLICATE_METHOD_MATCH = YES;
				"CODE_SIGN_IDENTITY[sdk=iphoneos*]" = "iPhone Developer";
				COPY_PHASE_STRIP = NO;
				DEBUG_INFORMATION_FORMAT = "dwarf-with-dsym";
				ENABLE_NS_ASSERTIONS = NO;
				ENABLE_STRICT_OBJC_MSGSEND = YES;
				GCC_C_LANGUAGE_STANDARD = gnu99;
				GCC_NO_COMMON_BLOCKS = YES;
				GCC_WARN_64_TO_32_BIT_CONVERSION = YES;
				GCC_WARN_ABOUT_RETURN_TYPE = YES_ERROR;
				GCC_WARN_UNDECLARED_SELECTOR = YES;
				GCC_WARN_UNINITIALIZED_AUTOS = YES_AGGRESSIVE;
				GCC_WARN_UNUSED_FUNCTION = YES;
				GCC_WARN_UNUSED_VARIABLE = YES;
				IPHONEOS_DEPLOYMENT_TARGET = 9.1;
				MTL_ENABLE_DEBUG_INFO = NO;
				SDKROOT = iphoneos;
				VALIDATE_PRODUCT = YES;
			};
			name = Release;
		};
		FAC75FCE1BF9DE3700B5F258 /* Debug */ = {
			isa = XCBuildConfiguration;
			buildSettings = {
				ASSETCATALOG_COMPILER_APPICON_NAME = AppIcon;
				CODE_SIGN_IDENTITY = "iPhone Developer";
				"CODE_SIGN_IDENTITY[sdk=iphoneos*]" = "iPhone Developer";
				INFOPLIST_FILE = HitList/Info.plist;
				LD_RUNPATH_SEARCH_PATHS = "$(inherited) @executable_path/Frameworks";
				PRODUCT_BUNDLE_IDENTIFIER = com.ditjhaba.HitList;
				PRODUCT_NAME = "$(TARGET_NAME)";
				PROVISIONING_PROFILE = "";
			};
			name = Debug;
		};
		FAC75FCF1BF9DE3700B5F258 /* Release */ = {
			isa = XCBuildConfiguration;
			buildSettings = {
				ASSETCATALOG_COMPILER_APPICON_NAME = AppIcon;
				CODE_SIGN_IDENTITY = "iPhone Developer";
				"CODE_SIGN_IDENTITY[sdk=iphoneos*]" = "iPhone Developer";
				INFOPLIST_FILE = HitList/Info.plist;
				LD_RUNPATH_SEARCH_PATHS = "$(inherited) @executable_path/Frameworks";
				PRODUCT_BUNDLE_IDENTIFIER = com.ditjhaba.HitList;
				PRODUCT_NAME = "$(TARGET_NAME)";
				PROVISIONING_PROFILE = "";
			};
			name = Release;
		};
/* End XCBuildConfiguration section */

/* Begin XCConfigurationList section */
		FAC75FB31BF9DE3700B5F258 /* Build configuration list for PBXProject "HitList" */ = {
			isa = XCConfigurationList;
			buildConfigurations = (
				FAC75FCB1BF9DE3700B5F258 /* Debug */,
				FAC75FCC1BF9DE3700B5F258 /* Release */,
			);
			defaultConfigurationIsVisible = 0;
			defaultConfigurationName = Release;
		};
		FAC75FCD1BF9DE3700B5F258 /* Build configuration list for PBXNativeTarget "HitList" */ = {
			isa = XCConfigurationList;
			buildConfigurations = (
				FAC75FCE1BF9DE3700B5F258 /* Debug */,
				FAC75FCF1BF9DE3700B5F258 /* Release */,
			);
			defaultConfigurationIsVisible = 0;
			defaultConfigurationName = Release;
		};
/* End XCConfigurationList section */

/* Begin XCVersionGroup section */
		FAC75FC21BF9DE3700B5F258 /* HitList.xcdatamodeld */ = {
			isa = XCVersionGroup;
			children = (
				FAC75FC31BF9DE3700B5F258 /* HitList.xcdatamodel */,
			);
			currentVersion = FAC75FC31BF9DE3700B5F258 /* HitList.xcdatamodel */;
			path = HitList.xcdatamodeld;
			sourceTree = "<group>";
			versionGroupType = wrapper.xcdatamodel;
		};
/* End XCVersionGroup section */
	};
	rootObject = FAC75FB01BF9DE3700B5F258 /* Project object */;
}
